// !$*UTF8*$!
{
	archiveVersion = 1;
	classes = {
	};
	objectVersion = 50;
	objects = {

/* Begin PBXBuildFile section */
		228B94D8213FB9D30074FA4B /* AppDelegate.swift in Sources */ = {isa = PBXBuildFile; fileRef = 228B94D7213FB9D30074FA4B /* AppDelegate.swift */; };
		228B94DA213FB9D30074FA4B /* ViewController.swift in Sources */ = {isa = PBXBuildFile; fileRef = 228B94D9213FB9D30074FA4B /* ViewController.swift */; };
		228B94DD213FB9D30074FA4B /* Main.storyboard in Resources */ = {isa = PBXBuildFile; fileRef = 228B94DB213FB9D30074FA4B /* Main.storyboard */; };
		228B94DF213FB9D50074FA4B /* Assets.xcassets in Resources */ = {isa = PBXBuildFile; fileRef = 228B94DE213FB9D50074FA4B /* Assets.xcassets */; };
		228B94E2213FB9D50074FA4B /* LaunchScreen.storyboard in Resources */ = {isa = PBXBuildFile; fileRef = 228B94E0213FB9D50074FA4B /* LaunchScreen.storyboard */; };
		228B94ED213FB9D50074FA4B /* PocketCITests.swift in Sources */ = {isa = PBXBuildFile; fileRef = 228B94EC213FB9D50074FA4B /* PocketCITests.swift */; };
		57606B9A29E19AB880615098 /* Pods_PocketCI.framework in Frameworks */ = {isa = PBXBuildFile; fileRef = C1D7925B3059E3E16E7931F9 /* Pods_PocketCI.framework */; };
		6B225C8D171019940A463202 /* Pods_PocketCITests.framework in Frameworks */ = {isa = PBXBuildFile; fileRef = F80B7FF10D03565B4E79C04B /* Pods_PocketCITests.framework */; };
/* End PBXBuildFile section */

/* Begin PBXContainerItemProxy section */
		228B94E9213FB9D50074FA4B /* PBXContainerItemProxy */ = {
			isa = PBXContainerItemProxy;
			containerPortal = 228B94CC213FB9D30074FA4B /* Project object */;
			proxyType = 1;
			remoteGlobalIDString = 228B94D3213FB9D30074FA4B;
			remoteInfo = PocketCI;
		};
/* End PBXContainerItemProxy section */

/* Begin PBXFileReference section */
		228B94D4213FB9D30074FA4B /* PocketCI.app */ = {isa = PBXFileReference; explicitFileType = wrapper.application; includeInIndex = 0; path = PocketCI.app; sourceTree = BUILT_PRODUCTS_DIR; };
		228B94D7213FB9D30074FA4B /* AppDelegate.swift */ = {isa = PBXFileReference; lastKnownFileType = sourcecode.swift; path = AppDelegate.swift; sourceTree = "<group>"; };
		228B94D9213FB9D30074FA4B /* ViewController.swift */ = {isa = PBXFileReference; lastKnownFileType = sourcecode.swift; path = ViewController.swift; sourceTree = "<group>"; };
		228B94DC213FB9D30074FA4B /* Base */ = {isa = PBXFileReference; lastKnownFileType = file.storyboard; name = Base; path = Base.lproj/Main.storyboard; sourceTree = "<group>"; };
		228B94DE213FB9D50074FA4B /* Assets.xcassets */ = {isa = PBXFileReference; lastKnownFileType = folder.assetcatalog; path = Assets.xcassets; sourceTree = "<group>"; };
		228B94E1213FB9D50074FA4B /* Base */ = {isa = PBXFileReference; lastKnownFileType = file.storyboard; name = Base; path = Base.lproj/LaunchScreen.storyboard; sourceTree = "<group>"; };
		228B94E3213FB9D50074FA4B /* Info.plist */ = {isa = PBXFileReference; lastKnownFileType = text.plist.xml; path = Info.plist; sourceTree = "<group>"; };
		228B94E8213FB9D50074FA4B /* PocketCITests.xctest */ = {isa = PBXFileReference; explicitFileType = wrapper.cfbundle; includeInIndex = 0; path = PocketCITests.xctest; sourceTree = BUILT_PRODUCTS_DIR; };
		228B94EC213FB9D50074FA4B /* PocketCITests.swift */ = {isa = PBXFileReference; lastKnownFileType = sourcecode.swift; path = PocketCITests.swift; sourceTree = "<group>"; };
		228B94EE213FB9D50074FA4B /* Info.plist */ = {isa = PBXFileReference; lastKnownFileType = text.plist.xml; path = Info.plist; sourceTree = "<group>"; };
		59EA64F81D22F4456DBE1CB0 /* Pods-PocketCI.release.xcconfig */ = {isa = PBXFileReference; includeInIndex = 1; lastKnownFileType = text.xcconfig; name = "Pods-PocketCI.release.xcconfig"; path = "Pods/Target Support Files/Pods-PocketCI/Pods-PocketCI.release.xcconfig"; sourceTree = "<group>"; };
		7863CEFDC92A6FA34097CD92 /* Pods-PocketCITests.debug.xcconfig */ = {isa = PBXFileReference; includeInIndex = 1; lastKnownFileType = text.xcconfig; name = "Pods-PocketCITests.debug.xcconfig"; path = "Pods/Target Support Files/Pods-PocketCITests/Pods-PocketCITests.debug.xcconfig"; sourceTree = "<group>"; };
		C1D7925B3059E3E16E7931F9 /* Pods_PocketCI.framework */ = {isa = PBXFileReference; explicitFileType = wrapper.framework; includeInIndex = 0; path = Pods_PocketCI.framework; sourceTree = BUILT_PRODUCTS_DIR; };
		F08013A4FA1D8A4883BF78AB /* Pods-PocketCI.debug.xcconfig */ = {isa = PBXFileReference; includeInIndex = 1; lastKnownFileType = text.xcconfig; name = "Pods-PocketCI.debug.xcconfig"; path = "Pods/Target Support Files/Pods-PocketCI/Pods-PocketCI.debug.xcconfig"; sourceTree = "<group>"; };
		F80B7FF10D03565B4E79C04B /* Pods_PocketCITests.framework */ = {isa = PBXFileReference; explicitFileType = wrapper.framework; includeInIndex = 0; path = Pods_PocketCITests.framework; sourceTree = BUILT_PRODUCTS_DIR; };
		FE419A6971D7B3BEADC1B9FF /* Pods-PocketCITests.release.xcconfig */ = {isa = PBXFileReference; includeInIndex = 1; lastKnownFileType = text.xcconfig; name = "Pods-PocketCITests.release.xcconfig"; path = "Pods/Target Support Files/Pods-PocketCITests/Pods-PocketCITests.release.xcconfig"; sourceTree = "<group>"; };
/* End PBXFileReference section */

/* Begin PBXFrameworksBuildPhase section */
		228B94D1213FB9D30074FA4B /* Frameworks */ = {
			isa = PBXFrameworksBuildPhase;
			buildActionMask = 2147483647;
			files = (
				57606B9A29E19AB880615098 /* Pods_PocketCI.framework in Frameworks */,
			);
			runOnlyForDeploymentPostprocessing = 0;
		};
		228B94E5213FB9D50074FA4B /* Frameworks */ = {
			isa = PBXFrameworksBuildPhase;
			buildActionMask = 2147483647;
			files = (
				6B225C8D171019940A463202 /* Pods_PocketCITests.framework in Frameworks */,
			);
			runOnlyForDeploymentPostprocessing = 0;
		};
/* End PBXFrameworksBuildPhase section */

/* Begin PBXGroup section */
		228B94CB213FB9D30074FA4B = {
			isa = PBXGroup;
			children = (
				228B94D6213FB9D30074FA4B /* PocketCI */,
				228B94EB213FB9D50074FA4B /* PocketCITests */,
				228B94D5213FB9D30074FA4B /* Products */,
				27EC0AC6727067784CB457EF /* Pods */,
				2D719D241B6C61B284EA0401 /* Frameworks */,
			);
			sourceTree = "<group>";
		};
		228B94D5213FB9D30074FA4B /* Products */ = {
			isa = PBXGroup;
			children = (
				228B94D4213FB9D30074FA4B /* PocketCI.app */,
				228B94E8213FB9D50074FA4B /* PocketCITests.xctest */,
			);
			name = Products;
			sourceTree = "<group>";
		};
		228B94D6213FB9D30074FA4B /* PocketCI */ = {
			isa = PBXGroup;
			children = (
				228B94D7213FB9D30074FA4B /* AppDelegate.swift */,
				228B94D9213FB9D30074FA4B /* ViewController.swift */,
				228B94DB213FB9D30074FA4B /* Main.storyboard */,
				228B94DE213FB9D50074FA4B /* Assets.xcassets */,
				228B94E0213FB9D50074FA4B /* LaunchScreen.storyboard */,
				228B94E3213FB9D50074FA4B /* Info.plist */,
			);
			path = PocketCI;
			sourceTree = "<group>";
		};
		228B94EB213FB9D50074FA4B /* PocketCITests */ = {
			isa = PBXGroup;
			children = (
				228B94EC213FB9D50074FA4B /* PocketCITests.swift */,
				228B94EE213FB9D50074FA4B /* Info.plist */,
			);
			path = PocketCITests;
			sourceTree = "<group>";
		};
		27EC0AC6727067784CB457EF /* Pods */ = {
			isa = PBXGroup;
			children = (
				F08013A4FA1D8A4883BF78AB /* Pods-PocketCI.debug.xcconfig */,
				59EA64F81D22F4456DBE1CB0 /* Pods-PocketCI.release.xcconfig */,
				7863CEFDC92A6FA34097CD92 /* Pods-PocketCITests.debug.xcconfig */,
				FE419A6971D7B3BEADC1B9FF /* Pods-PocketCITests.release.xcconfig */,
			);
			name = Pods;
			sourceTree = "<group>";
		};
		2D719D241B6C61B284EA0401 /* Frameworks */ = {
			isa = PBXGroup;
			children = (
				C1D7925B3059E3E16E7931F9 /* Pods_PocketCI.framework */,
				F80B7FF10D03565B4E79C04B /* Pods_PocketCITests.framework */,
			);
			name = Frameworks;
			sourceTree = "<group>";
		};
/* End PBXGroup section */

/* Begin PBXNativeTarget section */
		228B94D3213FB9D30074FA4B /* PocketCI */ = {
			isa = PBXNativeTarget;
			buildConfigurationList = 228B94F1213FB9D50074FA4B /* Build configuration list for PBXNativeTarget "PocketCI" */;
			buildPhases = (
				6FC80BC0081E20929D4F1A44 /* [CP] Check Pods Manifest.lock */,
				228B94D0213FB9D30074FA4B /* Sources */,
				228B94D1213FB9D30074FA4B /* Frameworks */,
				228B94D2213FB9D30074FA4B /* Resources */,
				39A5A9466E47F62B76DF691C /* [CP] Embed Pods Frameworks */,
				F76F8E5565EC339E12DA2BCA /* [CP] Copy Pods Resources */,
			);
			buildRules = (
			);
			dependencies = (
			);
			name = PocketCI;
			productName = PocketCI;
			productReference = 228B94D4213FB9D30074FA4B /* PocketCI.app */;
			productType = "com.apple.product-type.application";
		};
		228B94E7213FB9D50074FA4B /* PocketCITests */ = {
			isa = PBXNativeTarget;
			buildConfigurationList = 228B94F4213FB9D50074FA4B /* Build configuration list for PBXNativeTarget "PocketCITests" */;
			buildPhases = (
				83E42AB82C6470727CCD7C9E /* [CP] Check Pods Manifest.lock */,
				228B94E4213FB9D50074FA4B /* Sources */,
				228B94E5213FB9D50074FA4B /* Frameworks */,
				228B94E6213FB9D50074FA4B /* Resources */,
				69F0BE0E3346ED6BBEA66BAB /* [CP] Embed Pods Frameworks */,
				F94B07030DBC50DCC25AACFB /* [CP] Copy Pods Resources */,
			);
			buildRules = (
			);
			dependencies = (
				228B94EA213FB9D50074FA4B /* PBXTargetDependency */,
			);
			name = PocketCITests;
			productName = PocketCITests;
			productReference = 228B94E8213FB9D50074FA4B /* PocketCITests.xctest */;
			productType = "com.apple.product-type.bundle.unit-test";
		};
/* End PBXNativeTarget section */

/* Begin PBXProject section */
		228B94CC213FB9D30074FA4B /* Project object */ = {
			isa = PBXProject;
			attributes = {
				LastSwiftUpdateCheck = 0940;
				LastUpgradeCheck = 0940;
				ORGANIZATIONNAME = mmn;
				TargetAttributes = {
					228B94D3213FB9D30074FA4B = {
						CreatedOnToolsVersion = 9.4.1;
					};
					228B94E7213FB9D50074FA4B = {
						CreatedOnToolsVersion = 9.4.1;
						TestTargetID = 228B94D3213FB9D30074FA4B;
					};
				};
			};
			buildConfigurationList = 228B94CF213FB9D30074FA4B /* Build configuration list for PBXProject "PocketCI" */;
			compatibilityVersion = "Xcode 9.3";
			developmentRegion = en;
			hasScannedForEncodings = 0;
			knownRegions = (
				en,
				Base,
			);
			mainGroup = 228B94CB213FB9D30074FA4B;
			productRefGroup = 228B94D5213FB9D30074FA4B /* Products */;
			projectDirPath = "";
			projectRoot = "";
			targets = (
				228B94D3213FB9D30074FA4B /* PocketCI */,
				228B94E7213FB9D50074FA4B /* PocketCITests */,
			);
		};
/* End PBXProject section */

/* Begin PBXResourcesBuildPhase section */
		228B94D2213FB9D30074FA4B /* Resources */ = {
			isa = PBXResourcesBuildPhase;
			buildActionMask = 2147483647;
			files = (
				228B94E2213FB9D50074FA4B /* LaunchScreen.storyboard in Resources */,
				228B94DF213FB9D50074FA4B /* Assets.xcassets in Resources */,
				228B94DD213FB9D30074FA4B /* Main.storyboard in Resources */,
			);
			runOnlyForDeploymentPostprocessing = 0;
		};
		228B94E6213FB9D50074FA4B /* Resources */ = {
			isa = PBXResourcesBuildPhase;
			buildActionMask = 2147483647;
			files = (
			);
			runOnlyForDeploymentPostprocessing = 0;
		};
/* End PBXResourcesBuildPhase section */

/* Begin PBXShellScriptBuildPhase section */
		39A5A9466E47F62B76DF691C /* [CP] Embed Pods Frameworks */ = {
			isa = PBXShellScriptBuildPhase;
			buildActionMask = 2147483647;
			files = (
			);
			inputFileListPaths = (
			);
			inputPaths = (
				"${SRCROOT}/Pods/Target Support Files/Pods-PocketCI/Pods-PocketCI-frameworks.sh",
				"${BUILT_PRODUCTS_DIR}/BoneKit/BoneKit.framework",
				"${BUILT_PRODUCTS_DIR}/PromiseKit/PromiseKit.framework",
				"${BUILT_PRODUCTS_DIR}/Typhoon/Typhoon.framework",
			);
			name = "[CP] Embed Pods Frameworks";
			outputFileListPaths = (
			);
			outputPaths = (
				"${TARGET_BUILD_DIR}/${FRAMEWORKS_FOLDER_PATH}/BoneKit.framework",
				"${TARGET_BUILD_DIR}/${FRAMEWORKS_FOLDER_PATH}/PromiseKit.framework",
				"${TARGET_BUILD_DIR}/${FRAMEWORKS_FOLDER_PATH}/Typhoon.framework",
			);
			runOnlyForDeploymentPostprocessing = 0;
			shellPath = /bin/sh;
			shellScript = "\"${SRCROOT}/Pods/Target Support Files/Pods-PocketCI/Pods-PocketCI-frameworks.sh\"\n";
			showEnvVarsInLog = 0;
		};
		69F0BE0E3346ED6BBEA66BAB /* [CP] Embed Pods Frameworks */ = {
			isa = PBXShellScriptBuildPhase;
			buildActionMask = 2147483647;
			files = (
			);
			inputFileListPaths = (
			);
			inputPaths = (
			);
			name = "[CP] Embed Pods Frameworks";
			outputFileListPaths = (
			);
			outputPaths = (
			);
			runOnlyForDeploymentPostprocessing = 0;
			shellPath = /bin/sh;
			shellScript = "\"${SRCROOT}/Pods/Target Support Files/Pods-PocketCITests/Pods-PocketCITests-frameworks.sh\"\n";
			showEnvVarsInLog = 0;
		};
		6FC80BC0081E20929D4F1A44 /* [CP] Check Pods Manifest.lock */ = {
			isa = PBXShellScriptBuildPhase;
			buildActionMask = 2147483647;
			files = (
			);
			inputFileListPaths = (
			);
			inputPaths = (
				"${PODS_PODFILE_DIR_PATH}/Podfile.lock",
				"${PODS_ROOT}/Manifest.lock",
			);
			name = "[CP] Check Pods Manifest.lock";
			outputFileListPaths = (
			);
			outputPaths = (
				"$(DERIVED_FILE_DIR)/Pods-PocketCI-checkManifestLockResult.txt",
			);
			runOnlyForDeploymentPostprocessing = 0;
			shellPath = /bin/sh;
			shellScript = "diff \"${PODS_PODFILE_DIR_PATH}/Podfile.lock\" \"${PODS_ROOT}/Manifest.lock\" > /dev/null\nif [ $? != 0 ] ; then\n    # print error to STDERR\n    echo \"error: The sandbox is not in sync with the Podfile.lock. Run 'pod install' or update your CocoaPods installation.\" >&2\n    exit 1\nfi\n# This output is used by Xcode 'outputs' to avoid re-running this script phase.\necho \"SUCCESS\" > \"${SCRIPT_OUTPUT_FILE_0}\"\n";
			showEnvVarsInLog = 0;
		};
		83E42AB82C6470727CCD7C9E /* [CP] Check Pods Manifest.lock */ = {
			isa = PBXShellScriptBuildPhase;
			buildActionMask = 2147483647;
			files = (
			);
			inputFileListPaths = (
			);
			inputPaths = (
				"${PODS_PODFILE_DIR_PATH}/Podfile.lock",
				"${PODS_ROOT}/Manifest.lock",
			);
			name = "[CP] Check Pods Manifest.lock";
			outputFileListPaths = (
			);
			outputPaths = (
				"$(DERIVED_FILE_DIR)/Pods-PocketCITests-checkManifestLockResult.txt",
			);
			runOnlyForDeploymentPostprocessing = 0;
			shellPath = /bin/sh;
			shellScript = "diff \"${PODS_PODFILE_DIR_PATH}/Podfile.lock\" \"${PODS_ROOT}/Manifest.lock\" > /dev/null\nif [ $? != 0 ] ; then\n    # print error to STDERR\n    echo \"error: The sandbox is not in sync with the Podfile.lock. Run 'pod install' or update your CocoaPods installation.\" >&2\n    exit 1\nfi\n# This output is used by Xcode 'outputs' to avoid re-running this script phase.\necho \"SUCCESS\" > \"${SCRIPT_OUTPUT_FILE_0}\"\n";
			showEnvVarsInLog = 0;
		};
		F76F8E5565EC339E12DA2BCA /* [CP] Copy Pods Resources */ = {
			isa = PBXShellScriptBuildPhase;
			buildActionMask = 2147483647;
			files = (
			);
			inputFileListPaths = (
			);
			inputPaths = (
			);
			name = "[CP] Copy Pods Resources";
			outputFileListPaths = (
			);
			outputPaths = (
			);
			runOnlyForDeploymentPostprocessing = 0;
			shellPath = /bin/sh;
			shellScript = "\"${SRCROOT}/Pods/Target Support Files/Pods-PocketCI/Pods-PocketCI-resources.sh\"\n";
			showEnvVarsInLog = 0;
		};
		F94B07030DBC50DCC25AACFB /* [CP] Copy Pods Resources */ = {
			isa = PBXShellScriptBuildPhase;
			buildActionMask = 2147483647;
			files = (
			);
			inputFileListPaths = (
			);
			inputPaths = (
			);
			name = "[CP] Copy Pods Resources";
			outputFileListPaths = (
			);
			outputPaths = (
			);
			runOnlyForDeploymentPostprocessing = 0;
			shellPath = /bin/sh;
			shellScript = "\"${SRCROOT}/Pods/Target Support Files/Pods-PocketCITests/Pods-PocketCITests-resources.sh\"\n";
			showEnvVarsInLog = 0;
		};
/* End PBXShellScriptBuildPhase section */

/* Begin PBXSourcesBuildPhase section */
		228B94D0213FB9D30074FA4B /* Sources */ = {
			isa = PBXSourcesBuildPhase;
			buildActionMask = 2147483647;
			files = (
				228B94DA213FB9D30074FA4B /* ViewController.swift in Sources */,
				228B94D8213FB9D30074FA4B /* AppDelegate.swift in Sources */,
			);
			runOnlyForDeploymentPostprocessing = 0;
		};
		228B94E4213FB9D50074FA4B /* Sources */ = {
			isa = PBXSourcesBuildPhase;
			buildActionMask = 2147483647;
			files = (
				228B94ED213FB9D50074FA4B /* PocketCITests.swift in Sources */,
			);
			runOnlyForDeploymentPostprocessing = 0;
		};
/* End PBXSourcesBuildPhase section */

/* Begin PBXTargetDependency section */
		228B94EA213FB9D50074FA4B /* PBXTargetDependency */ = {
			isa = PBXTargetDependency;
			target = 228B94D3213FB9D30074FA4B /* PocketCI */;
			targetProxy = 228B94E9213FB9D50074FA4B /* PBXContainerItemProxy */;
		};
/* End PBXTargetDependency section */

/* Begin PBXVariantGroup section */
		228B94DB213FB9D30074FA4B /* Main.storyboard */ = {
			isa = PBXVariantGroup;
			children = (
				228B94DC213FB9D30074FA4B /* Base */,
			);
			name = Main.storyboard;
			sourceTree = "<group>";
		};
		228B94E0213FB9D50074FA4B /* LaunchScreen.storyboard */ = {
			isa = PBXVariantGroup;
			children = (
				228B94E1213FB9D50074FA4B /* Base */,
			);
			name = LaunchScreen.storyboard;
			sourceTree = "<group>";
		};
/* End PBXVariantGroup section */

/* Begin XCBuildConfiguration section */
		228B94EF213FB9D50074FA4B /* Debug */ = {
			isa = XCBuildConfiguration;
			buildSettings = {
				ALWAYS_SEARCH_USER_PATHS = NO;
				CLANG_ANALYZER_NONNULL = YES;
				CLANG_ANALYZER_NUMBER_OBJECT_CONVERSION = YES_AGGRESSIVE;
				CLANG_CXX_LANGUAGE_STANDARD = "gnu++14";
				CLANG_CXX_LIBRARY = "libc++";
				CLANG_ENABLE_MODULES = YES;
				CLANG_ENABLE_OBJC_ARC = YES;
				CLANG_ENABLE_OBJC_WEAK = YES;
				CLANG_WARN_BLOCK_CAPTURE_AUTORELEASING = YES;
				CLANG_WARN_BOOL_CONVERSION = YES;
				CLANG_WARN_COMMA = YES;
				CLANG_WARN_CONSTANT_CONVERSION = YES;
				CLANG_WARN_DEPRECATED_OBJC_IMPLEMENTATIONS = YES;
				CLANG_WARN_DIRECT_OBJC_ISA_USAGE = YES_ERROR;
				CLANG_WARN_DOCUMENTATION_COMMENTS = YES;
				CLANG_WARN_EMPTY_BODY = YES;
				CLANG_WARN_ENUM_CONVERSION = YES;
				CLANG_WARN_INFINITE_RECURSION = YES;
				CLANG_WARN_INT_CONVERSION = YES;
				CLANG_WARN_NON_LITERAL_NULL_CONVERSION = YES;
				CLANG_WARN_OBJC_IMPLICIT_RETAIN_SELF = YES;
				CLANG_WARN_OBJC_LITERAL_CONVERSION = YES;
				CLANG_WARN_OBJC_ROOT_CLASS = YES_ERROR;
				CLANG_WARN_RANGE_LOOP_ANALYSIS = YES;
				CLANG_WARN_STRICT_PROTOTYPES = YES;
				CLANG_WARN_SUSPICIOUS_MOVE = YES;
				CLANG_WARN_UNGUARDED_AVAILABILITY = YES_AGGRESSIVE;
				CLANG_WARN_UNREACHABLE_CODE = YES;
				CLANG_WARN__DUPLICATE_METHOD_MATCH = YES;
				CODE_SIGN_IDENTITY = "iPhone Developer";
				COPY_PHASE_STRIP = NO;
				DEBUG_INFORMATION_FORMAT = dwarf;
				ENABLE_STRICT_OBJC_MSGSEND = YES;
				ENABLE_TESTABILITY = YES;
				GCC_C_LANGUAGE_STANDARD = gnu11;
				GCC_DYNAMIC_NO_PIC = NO;
				GCC_NO_COMMON_BLOCKS = YES;
				GCC_OPTIMIZATION_LEVEL = 0;
				GCC_PREPROCESSOR_DEFINITIONS = (
					"DEBUG=1",
					"$(inherited)",
				);
				GCC_WARN_64_TO_32_BIT_CONVERSION = YES;
				GCC_WARN_ABOUT_RETURN_TYPE = YES_ERROR;
				GCC_WARN_UNDECLARED_SELECTOR = YES;
				GCC_WARN_UNINITIALIZED_AUTOS = YES_AGGRESSIVE;
				GCC_WARN_UNUSED_FUNCTION = YES;
				GCC_WARN_UNUSED_VARIABLE = YES;
				IPHONEOS_DEPLOYMENT_TARGET = 11.4;
				MTL_ENABLE_DEBUG_INFO = YES;
				ONLY_ACTIVE_ARCH = YES;
				SDKROOT = iphoneos;
				SWIFT_ACTIVE_COMPILATION_CONDITIONS = DEBUG;
				SWIFT_OPTIMIZATION_LEVEL = "-Onone";
			};
			name = Debug;
		};
		228B94F0213FB9D50074FA4B /* Release */ = {
			isa = XCBuildConfiguration;
			buildSettings = {
				ALWAYS_SEARCH_USER_PATHS = NO;
				CLANG_ANALYZER_NONNULL = YES;
				CLANG_ANALYZER_NUMBER_OBJECT_CONVERSION = YES_AGGRESSIVE;
				CLANG_CXX_LANGUAGE_STANDARD = "gnu++14";
				CLANG_CXX_LIBRARY = "libc++";
				CLANG_ENABLE_MODULES = YES;
				CLANG_ENABLE_OBJC_ARC = YES;
				CLANG_ENABLE_OBJC_WEAK = YES;
				CLANG_WARN_BLOCK_CAPTURE_AUTORELEASING = YES;
				CLANG_WARN_BOOL_CONVERSION = YES;
				CLANG_WARN_COMMA = YES;
				CLANG_WARN_CONSTANT_CONVERSION = YES;
				CLANG_WARN_DEPRECATED_OBJC_IMPLEMENTATIONS = YES;
				CLANG_WARN_DIRECT_OBJC_ISA_USAGE = YES_ERROR;
				CLANG_WARN_DOCUMENTATION_COMMENTS = YES;
				CLANG_WARN_EMPTY_BODY = YES;
				CLANG_WARN_ENUM_CONVERSION = YES;
				CLANG_WARN_INFINITE_RECURSION = YES;
				CLANG_WARN_INT_CONVERSION = YES;
				CLANG_WARN_NON_LITERAL_NULL_CONVERSION = YES;
				CLANG_WARN_OBJC_IMPLICIT_RETAIN_SELF = YES;
				CLANG_WARN_OBJC_LITERAL_CONVERSION = YES;
				CLANG_WARN_OBJC_ROOT_CLASS = YES_ERROR;
				CLANG_WARN_RANGE_LOOP_ANALYSIS = YES;
				CLANG_WARN_STRICT_PROTOTYPES = YES;
				CLANG_WARN_SUSPICIOUS_MOVE = YES;
				CLANG_WARN_UNGUARDED_AVAILABILITY = YES_AGGRESSIVE;
				CLANG_WARN_UNREACHABLE_CODE = YES;
				CLANG_WARN__DUPLICATE_METHOD_MATCH = YES;
				CODE_SIGN_IDENTITY = "iPhone Developer";
				COPY_PHASE_STRIP = NO;
				DEBUG_INFORMATION_FORMAT = "dwarf-with-dsym";
				ENABLE_NS_ASSERTIONS = NO;
				ENABLE_STRICT_OBJC_MSGSEND = YES;
				GCC_C_LANGUAGE_STANDARD = gnu11;
				GCC_NO_COMMON_BLOCKS = YES;
				GCC_WARN_64_TO_32_BIT_CONVERSION = YES;
				GCC_WARN_ABOUT_RETURN_TYPE = YES_ERROR;
				GCC_WARN_UNDECLARED_SELECTOR = YES;
				GCC_WARN_UNINITIALIZED_AUTOS = YES_AGGRESSIVE;
				GCC_WARN_UNUSED_FUNCTION = YES;
				GCC_WARN_UNUSED_VARIABLE = YES;
				IPHONEOS_DEPLOYMENT_TARGET = 11.4;
				MTL_ENABLE_DEBUG_INFO = NO;
				SDKROOT = iphoneos;
				SWIFT_COMPILATION_MODE = wholemodule;
				SWIFT_OPTIMIZATION_LEVEL = "-O";
				VALIDATE_PRODUCT = YES;
			};
			name = Release;
		};
		228B94F2213FB9D50074FA4B /* Debug */ = {
			isa = XCBuildConfiguration;
			baseConfigurationReference = F08013A4FA1D8A4883BF78AB /* Pods-PocketCI.debug.xcconfig */;
			buildSettings = {
				ASSETCATALOG_COMPILER_APPICON_NAME = AppIcon;
				CODE_SIGN_STYLE = Automatic;
				DEVELOPMENT_TEAM = CLY266LCNG;
				INFOPLIST_FILE = PocketCI/Info.plist;
				LD_RUNPATH_SEARCH_PATHS = (
					"$(inherited)",
					"@executable_path/Frameworks",
				);
				PRODUCT_BUNDLE_IDENTIFIER = com.mmn.xPocketCI;
				PRODUCT_NAME = "$(TARGET_NAME)";
				SWIFT_VERSION = 4.0;
				TARGETED_DEVICE_FAMILY = "1,2";
			};
			name = Debug;
		};
		228B94F3213FB9D50074FA4B /* Release */ = {
			isa = XCBuildConfiguration;
			baseConfigurationReference = 59EA64F81D22F4456DBE1CB0 /* Pods-PocketCI.release.xcconfig */;
			buildSettings = {
				ASSETCATALOG_COMPILER_APPICON_NAME = AppIcon;
				CODE_SIGN_STYLE = Automatic;
				DEVELOPMENT_TEAM = CLY266LCNG;
				INFOPLIST_FILE = PocketCI/Info.plist;
				LD_RUNPATH_SEARCH_PATHS = (
					"$(inherited)",
					"@executable_path/Frameworks",
				);
				PRODUCT_BUNDLE_IDENTIFIER = com.mmn.xPocketCI;
				PRODUCT_NAME = "$(TARGET_NAME)";
				SWIFT_VERSION = 4.0;
				TARGETED_DEVICE_FAMILY = "1,2";
			};
			name = Release;
		};
		228B94F5213FB9D50074FA4B /* Debug */ = {
			isa = XCBuildConfiguration;
			baseConfigurationReference = 7863CEFDC92A6FA34097CD92 /* Pods-PocketCITests.debug.xcconfig */;
			buildSettings = {
				ALWAYS_EMBED_SWIFT_STANDARD_LIBRARIES = YES;
				BUNDLE_LOADER = "$(TEST_HOST)";
				CODE_SIGN_STYLE = Automatic;
				DEVELOPMENT_TEAM = CLY266LCNG;
				INFOPLIST_FILE = PocketCITests/Info.plist;
				LD_RUNPATH_SEARCH_PATHS = (
					"$(inherited)",
					"@executable_path/Frameworks",
					"@loader_path/Frameworks",
				);
				PRODUCT_BUNDLE_IDENTIFIER = com.mmn.PocketCITests;
				PRODUCT_NAME = "$(TARGET_NAME)";
				SWIFT_VERSION = 4.0;
				TARGETED_DEVICE_FAMILY = "1,2";
				TEST_HOST = "$(BUILT_PRODUCTS_DIR)/PocketCI.app/PocketCI";
			};
			name = Debug;
		};
		228B94F6213FB9D50074FA4B /* Release */ = {
			isa = XCBuildConfiguration;
			baseConfigurationReference = FE419A6971D7B3BEADC1B9FF /* Pods-PocketCITests.release.xcconfig */;
			buildSettings = {
				ALWAYS_EMBED_SWIFT_STANDARD_LIBRARIES = YES;
				BUNDLE_LOADER = "$(TEST_HOST)";
				CODE_SIGN_STYLE = Automatic;
				DEVELOPMENT_TEAM = CLY266LCNG;
				INFOPLIST_FILE = PocketCITests/Info.plist;
				LD_RUNPATH_SEARCH_PATHS = (
					"$(inherited)",
					"@executable_path/Frameworks",
					"@loader_path/Frameworks",
				);
				PRODUCT_BUNDLE_IDENTIFIER = com.mmn.PocketCITests;
				PRODUCT_NAME = "$(TARGET_NAME)";
				SWIFT_VERSION = 4.0;
				TARGETED_DEVICE_FAMILY = "1,2";
				TEST_HOST = "$(BUILT_PRODUCTS_DIR)/PocketCI.app/PocketCI";
			};
			name = Release;
		};
/* End XCBuildConfiguration section */

/* Begin XCConfigurationList section */
		228B94CF213FB9D30074FA4B /* Build configuration list for PBXProject "PocketCI" */ = {
			isa = XCConfigurationList;
			buildConfigurations = (
				228B94EF213FB9D50074FA4B /* Debug */,
				228B94F0213FB9D50074FA4B /* Release */,
			);
			defaultConfigurationIsVisible = 0;
			defaultConfigurationName = Release;
		};
		228B94F1213FB9D50074FA4B /* Build configuration list for PBXNativeTarget "PocketCI" */ = {
			isa = XCConfigurationList;
			buildConfigurations = (
				228B94F2213FB9D50074FA4B /* Debug */,
				228B94F3213FB9D50074FA4B /* Release */,
			);
			defaultConfigurationIsVisible = 0;
			defaultConfigurationName = Release;
		};
		228B94F4213FB9D50074FA4B /* Build configuration list for PBXNativeTarget "PocketCITests" */ = {
			isa = XCConfigurationList;
			buildConfigurations = (
				228B94F5213FB9D50074FA4B /* Debug */,
				228B94F6213FB9D50074FA4B /* Release */,
			);
			defaultConfigurationIsVisible = 0;
			defaultConfigurationName = Release;
		};
/* End XCConfigurationList section */
	};
	rootObject = 228B94CC213FB9D30074FA4B /* Project object */;
}
